
Microsoft Visual Studio Solution File, Format Version 12.00
# Visual Studio 2012
Project("{FAE04EC0-301F-11D3-BF4B-00C04F79EFBC}") = "ArrayList", "ArrayList\ArrayList.csproj", "{DF6EEAB0-F193-463D-84C4-FC5CB761C647}"
EndProject
Project("{FAE04EC0-301F-11D3-BF4B-00C04F79EFBC}") = "UnitTestProject1", "UnitTestProject1\UnitTestProject1.csproj", "{6D87C8C2-8282-4633-A360-64833BB9EAF5}"
EndProject
Global
	GlobalSection(SolutionConfigurationPlatforms) = preSolution
		Debug|Any CPU = Debug|Any CPU
		Release|Any CPU = Release|Any CPU
	EndGlobalSection
	GlobalSection(ProjectConfigurationPlatforms) = postSolution
		{DF6EEAB0-F193-463D-84C4-FC5CB761C647}.Debug|Any CPU.ActiveCfg = Debug|Any CPU
		{DF6EEAB0-F193-463D-84C4-FC5CB761C647}.Debug|Any CPU.Build.0 = Debug|Any CPU
		{DF6EEAB0-F193-463D-84C4-FC5CB761C647}.Release|Any CPU.ActiveCfg = Release|Any CPU
		{DF6EEAB0-F193-463D-84C4-FC5CB761C647}.Release|Any CPU.Build.0 = Release|Any CPU
		{6D87C8C2-8282-4633-A360-64833BB9EAF5}.Debug|Any CPU.ActiveCfg = Debug|Any CPU
		{6D87C8C2-8282-4633-A360-64833BB9EAF5}.Debug|Any CPU.Build.0 = Debug|Any CPU
		{6D87C8C2-8282-4633-A360-64833BB9EAF5}.Release|Any CPU.ActiveCfg = Release|Any CPU
		{6D87C8C2-8282-4633-A360-64833BB9EAF5}.Release|Any CPU.Build.0 = Release|Any CPU
	EndGlobalSection
	GlobalSection(SolutionProperties) = preSolution
		HideSolutionNode = FALSE
	EndGlobalSection
EndGlobal
